
Microsoft Visual Studio Solution File, Format Version 12.00
Project("{FAE04EC0-301F-11D3-BF4B-00C04F79EFBC}") = "LiftStyle", "LiftStyle\LiftStyle\LiftStyle.csproj", "{50BA9897-E6CA-446D-AE3C-317050E67065}"
EndProject
Project("{FAE04EC0-301F-11D3-BF4B-00C04F79EFBC}") = "LiftStyle.Android", "LiftStyle\LiftStyle.Android\LiftStyle.Android.csproj", "{3814A723-9662-423B-B64F-47492890CF26}"
EndProject
Project("{FAE04EC0-301F-11D3-BF4B-00C04F79EFBC}") = "LiftStyle.iOS", "LiftStyle\LiftStyle.iOS\LiftStyle.iOS.csproj", "{041C61C1-1D9A-4566-8EDC-E25DA3BE29BB}"
EndProject
Global
	GlobalSection(SolutionConfigurationPlatforms) = preSolution
		Ad-Hoc|iPhone = Ad-Hoc|iPhone
		AppStore|iPhone = AppStore|iPhone
		Debug|Any CPU = Debug|Any CPU
		Debug|iPhone = Debug|iPhone
		Debug|iPhoneSimulator = Debug|iPhoneSimulator
		Release|Any CPU = Release|Any CPU
		Release|iPhone = Release|iPhone
		Release|iPhoneSimulator = Release|iPhoneSimulator
	EndGlobalSection
	GlobalSection(ProjectConfigurationPlatforms) = postSolution
		{50BA9897-E6CA-446D-AE3C-317050E67065}.Ad-Hoc|iPhone.ActiveCfg = Ad-Hoc|iPhone
		{50BA9897-E6CA-446D-AE3C-317050E67065}.Ad-Hoc|iPhone.Build.0 = Ad-Hoc|iPhone
		{50BA9897-E6CA-446D-AE3C-317050E67065}.AppStore|iPhone.ActiveCfg = AppStore|iPhone
		{50BA9897-E6CA-446D-AE3C-317050E67065}.AppStore|iPhone.Build.0 = AppStore|iPhone
		{50BA9897-E6CA-446D-AE3C-317050E67065}.Debug|Any CPU.ActiveCfg = Debug|Any CPU
		{50BA9897-E6CA-446D-AE3C-317050E67065}.Debug|Any CPU.Build.0 = Debug|Any CPU
		{50BA9897-E6CA-446D-AE3C-317050E67065}.Debug|iPhone.ActiveCfg = Debug|iPhone
		{50BA9897-E6CA-446D-AE3C-317050E67065}.Debug|iPhone.Build.0 = Debug|iPhone
		{50BA9897-E6CA-446D-AE3C-317050E67065}.Debug|iPhoneSimulator.ActiveCfg = Debug|iPhoneSimulator
		{50BA9897-E6CA-446D-AE3C-317050E67065}.Debug|iPhoneSimulator.Build.0 = Debug|iPhoneSimulator
		{50BA9897-E6CA-446D-AE3C-317050E67065}.Release|Any CPU.ActiveCfg = Release|Any CPU
		{50BA9897-E6CA-446D-AE3C-317050E67065}.Release|Any CPU.Build.0 = Release|Any CPU
		{50BA9897-E6CA-446D-AE3C-317050E67065}.Release|iPhone.ActiveCfg = Release|iPhone
		{50BA9897-E6CA-446D-AE3C-317050E67065}.Release|iPhone.Build.0 = Release|iPhone
		{50BA9897-E6CA-446D-AE3C-317050E67065}.Release|iPhoneSimulator.ActiveCfg = Release|iPhoneSimulator
		{50BA9897-E6CA-446D-AE3C-317050E67065}.Release|iPhoneSimulator.Build.0 = Release|iPhoneSimulator
		{3814A723-9662-423B-B64F-47492890CF26}.Ad-Hoc|iPhone.ActiveCfg = Debug|Any CPU
		{3814A723-9662-423B-B64F-47492890CF26}.Ad-Hoc|iPhone.Build.0 = Debug|Any CPU
		{3814A723-9662-423B-B64F-47492890CF26}.Ad-Hoc|iPhone.Deploy.0 = Debug|Any CPU
		{3814A723-9662-423B-B64F-47492890CF26}.AppStore|iPhone.ActiveCfg = Debug|Any CPU
		{3814A723-9662-423B-B64F-47492890CF26}.AppStore|iPhone.Build.0 = Debug|Any CPU
		{3814A723-9662-423B-B64F-47492890CF26}.AppStore|iPhone.Deploy.0 = Debug|Any CPU
		{3814A723-9662-423B-B64F-47492890CF26}.Debug|Any CPU.ActiveCfg = Debug|Any CPU
		{3814A723-9662-423B-B64F-47492890CF26}.Debug|Any CPU.Build.0 = Debug|Any CPU
		{3814A723-9662-423B-B64F-47492890CF26}.Debug|Any CPU.Deploy.0 = Debug|Any CPU
		{3814A723-9662-423B-B64F-47492890CF26}.Debug|iPhone.ActiveCfg = Debug|Any CPU
		{3814A723-9662-423B-B64F-47492890CF26}.Debug|iPhone.Build.0 = Debug|Any CPU
		{3814A723-9662-423B-B64F-47492890CF26}.Debug|iPhone.Deploy.0 = Debug|Any CPU
		{3814A723-9662-423B-B64F-47492890CF26}.Debug|iPhoneSimulator.ActiveCfg = Debug|Any CPU
		{3814A723-9662-423B-B64F-47492890CF26}.Debug|iPhoneSimulator.Build.0 = Debug|Any CPU
		{3814A723-9662-423B-B64F-47492890CF26}.Debug|iPhoneSimulator.Deploy.0 = Debug|Any CPU
		{3814A723-9662-423B-B64F-47492890CF26}.Release|Any CPU.ActiveCfg = Release|Any CPU
		{3814A723-9662-423B-B64F-47492890CF26}.Release|Any CPU.Build.0 = Release|Any CPU
		{3814A723-9662-423B-B64F-47492890CF26}.Release|Any CPU.Deploy.0 = Release|Any CPU
		{3814A723-9662-423B-B64F-47492890CF26}.Release|iPhone.ActiveCfg = Release|Any CPU
		{3814A723-9662-423B-B64F-47492890CF26}.Release|iPhone.Build.0 = Release|Any CPU
		{3814A723-9662-423B-B64F-47492890CF26}.Release|iPhone.Deploy.0 = Release|Any CPU
		{3814A723-9662-423B-B64F-47492890CF26}.Release|iPhoneSimulator.ActiveCfg = Release|Any CPU
		{3814A723-9662-423B-B64F-47492890CF26}.Release|iPhoneSimulator.Build.0 = Release|Any CPU
		{3814A723-9662-423B-B64F-47492890CF26}.Release|iPhoneSimulator.Deploy.0 = Release|Any CPU
		{041C61C1-1D9A-4566-8EDC-E25DA3BE29BB}.Ad-Hoc|iPhone.ActiveCfg = Ad-Hoc|iPhone
		{041C61C1-1D9A-4566-8EDC-E25DA3BE29BB}.Ad-Hoc|iPhone.Build.0 = Ad-Hoc|iPhone
		{041C61C1-1D9A-4566-8EDC-E25DA3BE29BB}.Ad-Hoc|iPhone.Deploy.0 = Ad-Hoc|iPhone
		{041C61C1-1D9A-4566-8EDC-E25DA3BE29BB}.AppStore|iPhone.ActiveCfg = AppStore|iPhone
		{041C61C1-1D9A-4566-8EDC-E25DA3BE29BB}.AppStore|iPhone.Build.0 = AppStore|iPhone
		{041C61C1-1D9A-4566-8EDC-E25DA3BE29BB}.AppStore|iPhone.Deploy.0 = AppStore|iPhone
		{041C61C1-1D9A-4566-8EDC-E25DA3BE29BB}.Debug|Any CPU.ActiveCfg = Debug|iPhoneSimulator
		{041C61C1-1D9A-4566-8EDC-E25DA3BE29BB}.Debug|Any CPU.Build.0 = Debug|iPhoneSimulator
		{041C61C1-1D9A-4566-8EDC-E25DA3BE29BB}.Debug|Any CPU.Deploy.0 = Debug|iPhoneSimulator
		{041C61C1-1D9A-4566-8EDC-E25DA3BE29BB}.Debug|iPhone.ActiveCfg = Debug|iPhone
		{041C61C1-1D9A-4566-8EDC-E25DA3BE29BB}.Debug|iPhone.Build.0 = Debug|iPhone
		{041C61C1-1D9A-4566-8EDC-E25DA3BE29BB}.Debug|iPhone.Deploy.0 = Debug|iPhone
		{041C61C1-1D9A-4566-8EDC-E25DA3BE29BB}.Debug|iPhoneSimulator.ActiveCfg = Debug|iPhoneSimulator
		{041C61C1-1D9A-4566-8EDC-E25DA3BE29BB}.Debug|iPhoneSimulator.Build.0 = Debug|iPhoneSimulator
		{041C61C1-1D9A-4566-8EDC-E25DA3BE29BB}.Debug|iPhoneSimulator.Deploy.0 = Debug|iPhoneSimulator
		{041C61C1-1D9A-4566-8EDC-E25DA3BE29BB}.Release|Any CPU.ActiveCfg = Release|iPhoneSimulator
		{041C61C1-1D9A-4566-8EDC-E25DA3BE29BB}.Release|Any CPU.Build.0 = Release|iPhoneSimulator
		{041C61C1-1D9A-4566-8EDC-E25DA3BE29BB}.Release|Any CPU.Deploy.0 = Release|iPhoneSimulator
		{041C61C1-1D9A-4566-8EDC-E25DA3BE29BB}.Release|iPhone.ActiveCfg = Release|iPhone
		{041C61C1-1D9A-4566-8EDC-E25DA3BE29BB}.Release|iPhone.Build.0 = Release|iPhone
		{041C61C1-1D9A-4566-8EDC-E25DA3BE29BB}.Release|iPhone.Deploy.0 = Release|iPhone
		{041C61C1-1D9A-4566-8EDC-E25DA3BE29BB}.Release|iPhoneSimulator.ActiveCfg = Release|iPhoneSimulator
		{041C61C1-1D9A-4566-8EDC-E25DA3BE29BB}.Release|iPhoneSimulator.Build.0 = Release|iPhoneSimulator
		{041C61C1-1D9A-4566-8EDC-E25DA3BE29BB}.Release|iPhoneSimulator.Deploy.0 = Release|iPhoneSimulator
	EndGlobalSection
EndGlobal
